
Microsoft Visual Studio Solution File, Format Version 12.00
# Visual Studio Version 17
VisualStudioVersion = 17.8.34330.188
MinimumVisualStudioVersion = 10.0.40219.1
Project("{9A19103F-16F7-4668-BE54-9A1E7A4F7556}") = "BankBankApp.BO", "BankBankApp.BO\BankBankApp.BO.csproj", "{3B9DCBC3-C6B6-47C5-B3D1-656F05074A8C}"
EndProject
Project("{9A19103F-16F7-4668-BE54-9A1E7A4F7556}") = "BankBankApp.DAL", "BankBankApp.DAL\BankBankApp.DAL.csproj", "{2FDF67F3-7C82-45C1-97C7-82464C25690A}"
EndProject
Project("{9A19103F-16F7-4668-BE54-9A1E7A4F7556}") = "BankBankApp.BLL", "BankBankApp.BLL\BankBankApp.BLL.csproj", "{6D7FAF84-CC30-46E2-A3FD-CD234E2202D4}"
EndProject
Project("{F184B08F-C81C-45F6-A57F-5ABD9991F28F}") = "BankBankApp.WebForm", "BankBankApp.WebForm\BankBankApp.WebForm.vbproj", "{CD8E53D2-B177-494B-AE08-1CEEF98E43D7}"
EndProject
Project("{9A19103F-16F7-4668-BE54-9A1E7A4F7556}") = "BankBankApp.MVC", "..\..\..\repos\BankBankMVC\BankBankApp.MVC.csproj", "{60C6F83F-90EB-4F67-8F0A-65DBB25510A1}"
EndProject
Global
	GlobalSection(SolutionConfigurationPlatforms) = preSolution
		Debug|Any CPU = Debug|Any CPU
		Release|Any CPU = Release|Any CPU
	EndGlobalSection
	GlobalSection(ProjectConfigurationPlatforms) = postSolution
		{3B9DCBC3-C6B6-47C5-B3D1-656F05074A8C}.Debug|Any CPU.ActiveCfg = Debug|Any CPU
		{3B9DCBC3-C6B6-47C5-B3D1-656F05074A8C}.Debug|Any CPU.Build.0 = Debug|Any CPU
		{3B9DCBC3-C6B6-47C5-B3D1-656F05074A8C}.Release|Any CPU.ActiveCfg = Release|Any CPU
		{3B9DCBC3-C6B6-47C5-B3D1-656F05074A8C}.Release|Any CPU.Build.0 = Release|Any CPU
		{2FDF67F3-7C82-45C1-97C7-82464C25690A}.Debug|Any CPU.ActiveCfg = Debug|Any CPU
		{2FDF67F3-7C82-45C1-97C7-82464C25690A}.Debug|Any CPU.Build.0 = Debug|Any CPU
		{2FDF67F3-7C82-45C1-97C7-82464C25690A}.Release|Any CPU.ActiveCfg = Release|Any CPU
		{2FDF67F3-7C82-45C1-97C7-82464C25690A}.Release|Any CPU.Build.0 = Release|Any CPU
		{6D7FAF84-CC30-46E2-A3FD-CD234E2202D4}.Debug|Any CPU.ActiveCfg = Debug|Any CPU
		{6D7FAF84-CC30-46E2-A3FD-CD234E2202D4}.Debug|Any CPU.Build.0 = Debug|Any CPU
		{6D7FAF84-CC30-46E2-A3FD-CD234E2202D4}.Release|Any CPU.ActiveCfg = Release|Any CPU
		{6D7FAF84-CC30-46E2-A3FD-CD234E2202D4}.Release|Any CPU.Build.0 = Release|Any CPU
		{CD8E53D2-B177-494B-AE08-1CEEF98E43D7}.Debug|Any CPU.ActiveCfg = Debug|Any CPU
		{CD8E53D2-B177-494B-AE08-1CEEF98E43D7}.Debug|Any CPU.Build.0 = Debug|Any CPU
		{CD8E53D2-B177-494B-AE08-1CEEF98E43D7}.Release|Any CPU.ActiveCfg = Release|Any CPU
		{CD8E53D2-B177-494B-AE08-1CEEF98E43D7}.Release|Any CPU.Build.0 = Release|Any CPU
		{60C6F83F-90EB-4F67-8F0A-65DBB25510A1}.Debug|Any CPU.ActiveCfg = Debug|Any CPU
		{60C6F83F-90EB-4F67-8F0A-65DBB25510A1}.Debug|Any CPU.Build.0 = Debug|Any CPU
		{60C6F83F-90EB-4F67-8F0A-65DBB25510A1}.Release|Any CPU.ActiveCfg = Release|Any CPU
		{60C6F83F-90EB-4F67-8F0A-65DBB25510A1}.Release|Any CPU.Build.0 = Release|Any CPU
	EndGlobalSection
	GlobalSection(SolutionProperties) = preSolution
		HideSolutionNode = FALSE
	EndGlobalSection
	GlobalSection(ExtensibilityGlobals) = postSolution
		SolutionGuid = {80E609A0-0B09-42CE-9E34-4704E99F9C91}
	EndGlobalSection
EndGlobal
